// !$*UTF8*$!
{
	archiveVersion = 1;
	classes = {
	};
	objectVersion = 55;
	objects = {

/* Begin PBXBuildFile section */
		D0B326E02818231B007E5140 /* VkLoginContract.swift in Sources */ = {isa = PBXBuildFile; fileRef = D0B326DF2818231B007E5140 /* VkLoginContract.swift */; };
		D0B326E2281832D3007E5140 /* VkLoginBuilder.swift in Sources */ = {isa = PBXBuildFile; fileRef = D0B326E1281832D3007E5140 /* VkLoginBuilder.swift */; };
		D0B326E428183607007E5140 /* VkLoginPresenter.swift in Sources */ = {isa = PBXBuildFile; fileRef = D0B326E328183607007E5140 /* VkLoginPresenter.swift */; };
		D0B326E62818369C007E5140 /* VkLoginInteractor.swift in Sources */ = {isa = PBXBuildFile; fileRef = D0B326E52818369C007E5140 /* VkLoginInteractor.swift */; };
		D0B326FF2823B73C007E5140 /* VkLoginView.swift in Sources */ = {isa = PBXBuildFile; fileRef = D0B326FE2823B73C007E5140 /* VkLoginView.swift */; };
		D0B327022823DA08007E5140 /* VkLoginService.swift in Sources */ = {isa = PBXBuildFile; fileRef = D0B327012823DA08007E5140 /* VkLoginService.swift */; };
		D0B327042823E1FD007E5140 /* VkLoginRouter.swift in Sources */ = {isa = PBXBuildFile; fileRef = D0B327032823E1FD007E5140 /* VkLoginRouter.swift */; };
		D0B327072823E936007E5140 /* SessionManager.swift in Sources */ = {isa = PBXBuildFile; fileRef = D0B327062823E936007E5140 /* SessionManager.swift */; };
		D0B3270D2823F4B3007E5140 /* TabBarController.swift in Sources */ = {isa = PBXBuildFile; fileRef = D0B3270C2823F4B3007E5140 /* TabBarController.swift */; };
		D0B327122823F75E007E5140 /* MyGroupsBuilder.swift in Sources */ = {isa = PBXBuildFile; fileRef = D0B327112823F75E007E5140 /* MyGroupsBuilder.swift */; };
		D0B327142823F792007E5140 /* FriendsListBuilder.swift in Sources */ = {isa = PBXBuildFile; fileRef = D0B327132823F792007E5140 /* FriendsListBuilder.swift */; };
		D0B327162823F7AA007E5140 /* NewsBuilder.swift in Sources */ = {isa = PBXBuildFile; fileRef = D0B327152823F7AA007E5140 /* NewsBuilder.swift */; };
		D0B3271E28240474007E5140 /* MyGroupsContract.swift in Sources */ = {isa = PBXBuildFile; fileRef = D0B3271D28240474007E5140 /* MyGroupsContract.swift */; };
		D0B3272028240547007E5140 /* MyGroupsViewController.swift in Sources */ = {isa = PBXBuildFile; fileRef = D0B3271F28240547007E5140 /* MyGroupsViewController.swift */; };
		D0B32722282405A8007E5140 /* MyGroupsView.swift in Sources */ = {isa = PBXBuildFile; fileRef = D0B32721282405A8007E5140 /* MyGroupsView.swift */; };
		D0B3272528240820007E5140 /* MyGroupsCell.swift in Sources */ = {isa = PBXBuildFile; fileRef = D0B3272428240820007E5140 /* MyGroupsCell.swift */; };
		D0B3274028366C3E007E5140 /* Extension+UITableView.swift in Sources */ = {isa = PBXBuildFile; fileRef = D0B3273F28366C3E007E5140 /* Extension+UITableView.swift */; };
		D0B327422836EC1D007E5140 /* GroupModel.swift in Sources */ = {isa = PBXBuildFile; fileRef = D0B327412836EC1D007E5140 /* GroupModel.swift */; };
		D0B327442836F18C007E5140 /* MyGroupsPresenter.swift in Sources */ = {isa = PBXBuildFile; fileRef = D0B327432836F18C007E5140 /* MyGroupsPresenter.swift */; };
		D0B3274628378456007E5140 /* MyGroupsInteractor.swift in Sources */ = {isa = PBXBuildFile; fileRef = D0B3274528378456007E5140 /* MyGroupsInteractor.swift */; };
		D0B32748283785FA007E5140 /* GroupsService.swift in Sources */ = {isa = PBXBuildFile; fileRef = D0B32747283785FA007E5140 /* GroupsService.swift */; };
		D0B3274A283786A0007E5140 /* LoaderProtocol.swift in Sources */ = {isa = PBXBuildFile; fileRef = D0B32749283786A0007E5140 /* LoaderProtocol.swift */; };
		D0B3274C283788E3007E5140 /* ApiImage.swift in Sources */ = {isa = PBXBuildFile; fileRef = D0B3274B283788E3007E5140 /* ApiImage.swift */; };
		D0B3274F28378955007E5140 /* ImageSizes.swift in Sources */ = {isa = PBXBuildFile; fileRef = D0B3274E28378955007E5140 /* ImageSizes.swift */; };
		D0B32751283789A2007E5140 /* UserImagesMainResponse.swift in Sources */ = {isa = PBXBuildFile; fileRef = D0B32750283789A2007E5140 /* UserImagesMainResponse.swift */; };
		D0B32753283789C1007E5140 /* UserImagesResponse.swift in Sources */ = {isa = PBXBuildFile; fileRef = D0B32752283789C1007E5140 /* UserImagesResponse.swift */; };
		D0B3275528378BFE007E5140 /* NetworkManager.swift in Sources */ = {isa = PBXBuildFile; fileRef = D0B3275428378BFE007E5140 /* NetworkManager.swift */; };
		D0B327572837901F007E5140 /* ImageCacheManager.swift in Sources */ = {isa = PBXBuildFile; fileRef = D0B327562837901F007E5140 /* ImageCacheManager.swift */; };
		D0B3275A28379698007E5140 /* GroupsMyResponse.swift in Sources */ = {isa = PBXBuildFile; fileRef = D0B3275928379698007E5140 /* GroupsMyResponse.swift */; };
		D0B3275C283796B6007E5140 /* GroupsMyMainResponse.swift in Sources */ = {isa = PBXBuildFile; fileRef = D0B3275B283796B6007E5140 /* GroupsMyMainResponse.swift */; };
		D0B3275E28379713007E5140 /* ApiBoolResponse.swift in Sources */ = {isa = PBXBuildFile; fileRef = D0B3275D28379713007E5140 /* ApiBoolResponse.swift */; };
		D0B327602837ABA2007E5140 /* MyGroupsRouter.swift in Sources */ = {isa = PBXBuildFile; fileRef = D0B3275F2837ABA2007E5140 /* MyGroupsRouter.swift */; };
		D0B327632837AC11007E5140 /* SearchGroupsBuilder.swift in Sources */ = {isa = PBXBuildFile; fileRef = D0B327622837AC11007E5140 /* SearchGroupsBuilder.swift */; };
		D0B3276A2837C8FF007E5140 /* SearchGroupsContract.swift in Sources */ = {isa = PBXBuildFile; fileRef = D0B327692837C8FF007E5140 /* SearchGroupsContract.swift */; };
		D0B3276C2837CD80007E5140 /* SearchGroupsViewController.swift in Sources */ = {isa = PBXBuildFile; fileRef = D0B3276B2837CD80007E5140 /* SearchGroupsViewController.swift */; };
		D0B3276E2837CDF7007E5140 /* SearchGroupsPresenter.swift in Sources */ = {isa = PBXBuildFile; fileRef = D0B3276D2837CDF7007E5140 /* SearchGroupsPresenter.swift */; };
		D0B327702837CE60007E5140 /* SearchGroupsInteractor.swift in Sources */ = {isa = PBXBuildFile; fileRef = D0B3276F2837CE60007E5140 /* SearchGroupsInteractor.swift */; };
		D0B327722837CF12007E5140 /* SearchGroupsRouter.swift in Sources */ = {isa = PBXBuildFile; fileRef = D0B327712837CF12007E5140 /* SearchGroupsRouter.swift */; };
		D0B327752837CFAD007E5140 /* SearchGroupsView.swift in Sources */ = {isa = PBXBuildFile; fileRef = D0B327742837CFAD007E5140 /* SearchGroupsView.swift */; };
		D0B3277828383CF5007E5140 /* SearchGroupsCell.swift in Sources */ = {isa = PBXBuildFile; fileRef = D0B3277728383CF5007E5140 /* SearchGroupsCell.swift */; };
		D0B32781283BAD21007E5140 /* FriendsListContract.swift in Sources */ = {isa = PBXBuildFile; fileRef = D0B32780283BAD21007E5140 /* FriendsListContract.swift */; };
		D0B32783283BAEAA007E5140 /* UserModel.swift in Sources */ = {isa = PBXBuildFile; fileRef = D0B32782283BAEAA007E5140 /* UserModel.swift */; };
		D0B32785283BAF19007E5140 /* FriendsListViewController.swift in Sources */ = {isa = PBXBuildFile; fileRef = D0B32784283BAF19007E5140 /* FriendsListViewController.swift */; };
		D0B32787283BAFC9007E5140 /* FriendsListView.swift in Sources */ = {isa = PBXBuildFile; fileRef = D0B32786283BAFC9007E5140 /* FriendsListView.swift */; };
		D0B32789283BB0DB007E5140 /* FriendListCell.swift in Sources */ = {isa = PBXBuildFile; fileRef = D0B32788283BB0DB007E5140 /* FriendListCell.swift */; };
		D0B3278B283BB447007E5140 /* FriendsListPresenter.swift in Sources */ = {isa = PBXBuildFile; fileRef = D0B3278A283BB447007E5140 /* FriendsListPresenter.swift */; };
		D0B3278D283BB674007E5140 /* AvatarView.swift in Sources */ = {isa = PBXBuildFile; fileRef = D0B3278C283BB674007E5140 /* AvatarView.swift */; };
		D0B3278F283BB75F007E5140 /* Extension+UIFont.swift in Sources */ = {isa = PBXBuildFile; fileRef = D0B3278E283BB75F007E5140 /* Extension+UIFont.swift */; };
		D0B32791283BB9C6007E5140 /* FriendsListInteractor.swift in Sources */ = {isa = PBXBuildFile; fileRef = D0B32790283BB9C6007E5140 /* FriendsListInteractor.swift */; };
		D0B32793283BBF9A007E5140 /* UserService.swift in Sources */ = {isa = PBXBuildFile; fileRef = D0B32792283BBF9A007E5140 /* UserService.swift */; };
		D0B32796283BC0AB007E5140 /* FriendsSection.swift in Sources */ = {isa = PBXBuildFile; fileRef = D0B32795283BC0AB007E5140 /* FriendsSection.swift */; };
		D0B32799283BC32F007E5140 /* VkFriendsMainResponse.swift in Sources */ = {isa = PBXBuildFile; fileRef = D0B32798283BC32F007E5140 /* VkFriendsMainResponse.swift */; };
		D0B3279B283BC34A007E5140 /* FriendsCountMainResponse.swift in Sources */ = {isa = PBXBuildFile; fileRef = D0B3279A283BC34A007E5140 /* FriendsCountMainResponse.swift */; };
		D0B3279D283BC378007E5140 /* VkFriendsResponse.swift in Sources */ = {isa = PBXBuildFile; fileRef = D0B3279C283BC378007E5140 /* VkFriendsResponse.swift */; };
		D0B3279F283BC3FA007E5140 /* FriendsCountResponse.swift in Sources */ = {isa = PBXBuildFile; fileRef = D0B3279E283BC3FA007E5140 /* FriendsCountResponse.swift */; };
		D0B327A1283BCC6E007E5140 /* FriendsListRouter.swift in Sources */ = {isa = PBXBuildFile; fileRef = D0B327A0283BCC6E007E5140 /* FriendsListRouter.swift */; };
		D0B327A5283BEBDB007E5140 /* FriendsProfileBuilder.swift in Sources */ = {isa = PBXBuildFile; fileRef = D0B327A4283BEBDB007E5140 /* FriendsProfileBuilder.swift */; };
		D0B327AC283BEDB3007E5140 /* FriendsProfileContract.swift in Sources */ = {isa = PBXBuildFile; fileRef = D0B327AB283BEDB3007E5140 /* FriendsProfileContract.swift */; };
		D0B327AE283BEEA6007E5140 /* FriendsProfileViewController.swift in Sources */ = {isa = PBXBuildFile; fileRef = D0B327AD283BEEA6007E5140 /* FriendsProfileViewController.swift */; };
		D0B327B0283BEF27007E5140 /* FriendsProfilePresenter.swift in Sources */ = {isa = PBXBuildFile; fileRef = D0B327AF283BEF27007E5140 /* FriendsProfilePresenter.swift */; };
		D0B327B2283BEF9D007E5140 /* FriendsProfileInteractor.swift in Sources */ = {isa = PBXBuildFile; fileRef = D0B327B1283BEF9D007E5140 /* FriendsProfileInteractor.swift */; };
		D0B327B4283BF021007E5140 /* FriendsProfileRouter.swift in Sources */ = {isa = PBXBuildFile; fileRef = D0B327B3283BF021007E5140 /* FriendsProfileRouter.swift */; };
		D0B327B8283BF2A2007E5140 /* FriendsProfileView.swift in Sources */ = {isa = PBXBuildFile; fileRef = D0B327B7283BF2A2007E5140 /* FriendsProfileView.swift */; };
		D0B327BA283BF75B007E5140 /* FriendsProfileCell.swift in Sources */ = {isa = PBXBuildFile; fileRef = D0B327B9283BF75B007E5140 /* FriendsProfileCell.swift */; };
		D0B327BC283D05FA007E5140 /* Extension+UICollectionView.swift in Sources */ = {isa = PBXBuildFile; fileRef = D0B327BB283D05FA007E5140 /* Extension+UICollectionView.swift */; };
		D0B327BF283D269B007E5140 /* GalleryBuilder.swift in Sources */ = {isa = PBXBuildFile; fileRef = D0B327BE283D269B007E5140 /* GalleryBuilder.swift */; };
		D0DCDB54281814500065E7C5 /* AppDelegate.swift in Sources */ = {isa = PBXBuildFile; fileRef = D0DCDB53281814500065E7C5 /* AppDelegate.swift */; };
		D0DCDB56281814500065E7C5 /* SceneDelegate.swift in Sources */ = {isa = PBXBuildFile; fileRef = D0DCDB55281814500065E7C5 /* SceneDelegate.swift */; };
		D0DCDB5E281814500065E7C5 /* VkClient_2.xcdatamodeld in Sources */ = {isa = PBXBuildFile; fileRef = D0DCDB5C281814500065E7C5 /* VkClient_2.xcdatamodeld */; };
		D0DCDB60281814500065E7C5 /* Assets.xcassets in Resources */ = {isa = PBXBuildFile; fileRef = D0DCDB5F281814500065E7C5 /* Assets.xcassets */; };
		D0DCDB63281814500065E7C5 /* LaunchScreen.storyboard in Resources */ = {isa = PBXBuildFile; fileRef = D0DCDB61281814500065E7C5 /* LaunchScreen.storyboard */; };
		D0DCDB6E281814510065E7C5 /* VkClient_2Tests.swift in Sources */ = {isa = PBXBuildFile; fileRef = D0DCDB6D281814510065E7C5 /* VkClient_2Tests.swift */; };
		D0DCDB78281814510065E7C5 /* VkClient_2UITests.swift in Sources */ = {isa = PBXBuildFile; fileRef = D0DCDB77281814510065E7C5 /* VkClient_2UITests.swift */; };
		D0DCDB7A281814510065E7C5 /* VkClient_2UITestsLaunchTests.swift in Sources */ = {isa = PBXBuildFile; fileRef = D0DCDB79281814510065E7C5 /* VkClient_2UITestsLaunchTests.swift */; };
		D0DCDB87281814990065E7C5 /* .gitignore in Resources */ = {isa = PBXBuildFile; fileRef = D0DCDB86281814990065E7C5 /* .gitignore */; };
		D0DCDB93281816490065E7C5 /* VkLoginViewController.swift in Sources */ = {isa = PBXBuildFile; fileRef = D0DCDB92281816490065E7C5 /* VkLoginViewController.swift */; };
/* End PBXBuildFile section */

/* Begin PBXContainerItemProxy section */
		D0DCDB6A281814510065E7C5 /* PBXContainerItemProxy */ = {
			isa = PBXContainerItemProxy;
			containerPortal = D0DCDB48281814500065E7C5 /* Project object */;
			proxyType = 1;
			remoteGlobalIDString = D0DCDB4F281814500065E7C5;
			remoteInfo = "VkClient-2";
		};
		D0DCDB74281814510065E7C5 /* PBXContainerItemProxy */ = {
			isa = PBXContainerItemProxy;
			containerPortal = D0DCDB48281814500065E7C5 /* Project object */;
			proxyType = 1;
			remoteGlobalIDString = D0DCDB4F281814500065E7C5;
			remoteInfo = "VkClient-2";
		};
/* End PBXContainerItemProxy section */

/* Begin PBXFileReference section */
		D0B326DF2818231B007E5140 /* VkLoginContract.swift */ = {isa = PBXFileReference; lastKnownFileType = sourcecode.swift; path = VkLoginContract.swift; sourceTree = "<group>"; };
		D0B326E1281832D3007E5140 /* VkLoginBuilder.swift */ = {isa = PBXFileReference; lastKnownFileType = sourcecode.swift; path = VkLoginBuilder.swift; sourceTree = "<group>"; };
		D0B326E328183607007E5140 /* VkLoginPresenter.swift */ = {isa = PBXFileReference; lastKnownFileType = sourcecode.swift; path = VkLoginPresenter.swift; sourceTree = "<group>"; };
		D0B326E52818369C007E5140 /* VkLoginInteractor.swift */ = {isa = PBXFileReference; lastKnownFileType = sourcecode.swift; path = VkLoginInteractor.swift; sourceTree = "<group>"; };
		D0B326FE2823B73C007E5140 /* VkLoginView.swift */ = {isa = PBXFileReference; lastKnownFileType = sourcecode.swift; path = VkLoginView.swift; sourceTree = "<group>"; };
		D0B327012823DA08007E5140 /* VkLoginService.swift */ = {isa = PBXFileReference; lastKnownFileType = sourcecode.swift; path = VkLoginService.swift; sourceTree = "<group>"; };
		D0B327032823E1FD007E5140 /* VkLoginRouter.swift */ = {isa = PBXFileReference; lastKnownFileType = sourcecode.swift; path = VkLoginRouter.swift; sourceTree = "<group>"; };
		D0B327062823E936007E5140 /* SessionManager.swift */ = {isa = PBXFileReference; lastKnownFileType = sourcecode.swift; path = SessionManager.swift; sourceTree = "<group>"; };
		D0B3270C2823F4B3007E5140 /* TabBarController.swift */ = {isa = PBXFileReference; lastKnownFileType = sourcecode.swift; path = TabBarController.swift; sourceTree = "<group>"; };
		D0B327112823F75E007E5140 /* MyGroupsBuilder.swift */ = {isa = PBXFileReference; lastKnownFileType = sourcecode.swift; path = MyGroupsBuilder.swift; sourceTree = "<group>"; };
		D0B327132823F792007E5140 /* FriendsListBuilder.swift */ = {isa = PBXFileReference; lastKnownFileType = sourcecode.swift; path = FriendsListBuilder.swift; sourceTree = "<group>"; };
		D0B327152823F7AA007E5140 /* NewsBuilder.swift */ = {isa = PBXFileReference; lastKnownFileType = sourcecode.swift; path = NewsBuilder.swift; sourceTree = "<group>"; };
		D0B3271D28240474007E5140 /* MyGroupsContract.swift */ = {isa = PBXFileReference; lastKnownFileType = sourcecode.swift; path = MyGroupsContract.swift; sourceTree = "<group>"; };
		D0B3271F28240547007E5140 /* MyGroupsViewController.swift */ = {isa = PBXFileReference; lastKnownFileType = sourcecode.swift; path = MyGroupsViewController.swift; sourceTree = "<group>"; };
		D0B32721282405A8007E5140 /* MyGroupsView.swift */ = {isa = PBXFileReference; lastKnownFileType = sourcecode.swift; path = MyGroupsView.swift; sourceTree = "<group>"; };
		D0B3272428240820007E5140 /* MyGroupsCell.swift */ = {isa = PBXFileReference; lastKnownFileType = sourcecode.swift; path = MyGroupsCell.swift; sourceTree = "<group>"; };
		D0B3273F28366C3E007E5140 /* Extension+UITableView.swift */ = {isa = PBXFileReference; lastKnownFileType = sourcecode.swift; path = "Extension+UITableView.swift"; sourceTree = "<group>"; };
		D0B327412836EC1D007E5140 /* GroupModel.swift */ = {isa = PBXFileReference; lastKnownFileType = sourcecode.swift; path = GroupModel.swift; sourceTree = "<group>"; };
		D0B327432836F18C007E5140 /* MyGroupsPresenter.swift */ = {isa = PBXFileReference; lastKnownFileType = sourcecode.swift; path = MyGroupsPresenter.swift; sourceTree = "<group>"; };
		D0B3274528378456007E5140 /* MyGroupsInteractor.swift */ = {isa = PBXFileReference; lastKnownFileType = sourcecode.swift; path = MyGroupsInteractor.swift; sourceTree = "<group>"; };
		D0B32747283785FA007E5140 /* GroupsService.swift */ = {isa = PBXFileReference; lastKnownFileType = sourcecode.swift; path = GroupsService.swift; sourceTree = "<group>"; };
		D0B32749283786A0007E5140 /* LoaderProtocol.swift */ = {isa = PBXFileReference; lastKnownFileType = sourcecode.swift; path = LoaderProtocol.swift; sourceTree = "<group>"; };
		D0B3274B283788E3007E5140 /* ApiImage.swift */ = {isa = PBXFileReference; lastKnownFileType = sourcecode.swift; path = ApiImage.swift; sourceTree = "<group>"; };
		D0B3274E28378955007E5140 /* ImageSizes.swift */ = {isa = PBXFileReference; lastKnownFileType = sourcecode.swift; path = ImageSizes.swift; sourceTree = "<group>"; };
		D0B32750283789A2007E5140 /* UserImagesMainResponse.swift */ = {isa = PBXFileReference; lastKnownFileType = sourcecode.swift; path = UserImagesMainResponse.swift; sourceTree = "<group>"; };
		D0B32752283789C1007E5140 /* UserImagesResponse.swift */ = {isa = PBXFileReference; lastKnownFileType = sourcecode.swift; path = UserImagesResponse.swift; sourceTree = "<group>"; };
		D0B3275428378BFE007E5140 /* NetworkManager.swift */ = {isa = PBXFileReference; lastKnownFileType = sourcecode.swift; path = NetworkManager.swift; sourceTree = "<group>"; };
		D0B327562837901F007E5140 /* ImageCacheManager.swift */ = {isa = PBXFileReference; lastKnownFileType = sourcecode.swift; path = ImageCacheManager.swift; sourceTree = "<group>"; };
		D0B3275928379698007E5140 /* GroupsMyResponse.swift */ = {isa = PBXFileReference; lastKnownFileType = sourcecode.swift; path = GroupsMyResponse.swift; sourceTree = "<group>"; };
		D0B3275B283796B6007E5140 /* GroupsMyMainResponse.swift */ = {isa = PBXFileReference; lastKnownFileType = sourcecode.swift; path = GroupsMyMainResponse.swift; sourceTree = "<group>"; };
		D0B3275D28379713007E5140 /* ApiBoolResponse.swift */ = {isa = PBXFileReference; lastKnownFileType = sourcecode.swift; path = ApiBoolResponse.swift; sourceTree = "<group>"; };
		D0B3275F2837ABA2007E5140 /* MyGroupsRouter.swift */ = {isa = PBXFileReference; lastKnownFileType = sourcecode.swift; path = MyGroupsRouter.swift; sourceTree = "<group>"; };
		D0B327622837AC11007E5140 /* SearchGroupsBuilder.swift */ = {isa = PBXFileReference; lastKnownFileType = sourcecode.swift; path = SearchGroupsBuilder.swift; sourceTree = "<group>"; };
		D0B327692837C8FF007E5140 /* SearchGroupsContract.swift */ = {isa = PBXFileReference; lastKnownFileType = sourcecode.swift; path = SearchGroupsContract.swift; sourceTree = "<group>"; };
		D0B3276B2837CD80007E5140 /* SearchGroupsViewController.swift */ = {isa = PBXFileReference; lastKnownFileType = sourcecode.swift; path = SearchGroupsViewController.swift; sourceTree = "<group>"; };
		D0B3276D2837CDF7007E5140 /* SearchGroupsPresenter.swift */ = {isa = PBXFileReference; lastKnownFileType = sourcecode.swift; path = SearchGroupsPresenter.swift; sourceTree = "<group>"; };
		D0B3276F2837CE60007E5140 /* SearchGroupsInteractor.swift */ = {isa = PBXFileReference; lastKnownFileType = sourcecode.swift; path = SearchGroupsInteractor.swift; sourceTree = "<group>"; };
		D0B327712837CF12007E5140 /* SearchGroupsRouter.swift */ = {isa = PBXFileReference; lastKnownFileType = sourcecode.swift; path = SearchGroupsRouter.swift; sourceTree = "<group>"; };
		D0B327742837CFAD007E5140 /* SearchGroupsView.swift */ = {isa = PBXFileReference; lastKnownFileType = sourcecode.swift; path = SearchGroupsView.swift; sourceTree = "<group>"; };
		D0B3277728383CF5007E5140 /* SearchGroupsCell.swift */ = {isa = PBXFileReference; lastKnownFileType = sourcecode.swift; path = SearchGroupsCell.swift; sourceTree = "<group>"; };
		D0B32780283BAD21007E5140 /* FriendsListContract.swift */ = {isa = PBXFileReference; lastKnownFileType = sourcecode.swift; path = FriendsListContract.swift; sourceTree = "<group>"; };
		D0B32782283BAEAA007E5140 /* UserModel.swift */ = {isa = PBXFileReference; lastKnownFileType = sourcecode.swift; path = UserModel.swift; sourceTree = "<group>"; };
		D0B32784283BAF19007E5140 /* FriendsListViewController.swift */ = {isa = PBXFileReference; lastKnownFileType = sourcecode.swift; path = FriendsListViewController.swift; sourceTree = "<group>"; };
		D0B32786283BAFC9007E5140 /* FriendsListView.swift */ = {isa = PBXFileReference; lastKnownFileType = sourcecode.swift; path = FriendsListView.swift; sourceTree = "<group>"; };
		D0B32788283BB0DB007E5140 /* FriendListCell.swift */ = {isa = PBXFileReference; lastKnownFileType = sourcecode.swift; path = FriendListCell.swift; sourceTree = "<group>"; };
		D0B3278A283BB447007E5140 /* FriendsListPresenter.swift */ = {isa = PBXFileReference; lastKnownFileType = sourcecode.swift; path = FriendsListPresenter.swift; sourceTree = "<group>"; };
		D0B3278C283BB674007E5140 /* AvatarView.swift */ = {isa = PBXFileReference; lastKnownFileType = sourcecode.swift; path = AvatarView.swift; sourceTree = "<group>"; };
		D0B3278E283BB75F007E5140 /* Extension+UIFont.swift */ = {isa = PBXFileReference; lastKnownFileType = sourcecode.swift; path = "Extension+UIFont.swift"; sourceTree = "<group>"; };
		D0B32790283BB9C6007E5140 /* FriendsListInteractor.swift */ = {isa = PBXFileReference; lastKnownFileType = sourcecode.swift; path = FriendsListInteractor.swift; sourceTree = "<group>"; };
		D0B32792283BBF9A007E5140 /* UserService.swift */ = {isa = PBXFileReference; lastKnownFileType = sourcecode.swift; path = UserService.swift; sourceTree = "<group>"; };
		D0B32795283BC0AB007E5140 /* FriendsSection.swift */ = {isa = PBXFileReference; lastKnownFileType = sourcecode.swift; path = FriendsSection.swift; sourceTree = "<group>"; };
		D0B32798283BC32F007E5140 /* VkFriendsMainResponse.swift */ = {isa = PBXFileReference; lastKnownFileType = sourcecode.swift; path = VkFriendsMainResponse.swift; sourceTree = "<group>"; };
		D0B3279A283BC34A007E5140 /* FriendsCountMainResponse.swift */ = {isa = PBXFileReference; lastKnownFileType = sourcecode.swift; path = FriendsCountMainResponse.swift; sourceTree = "<group>"; };
		D0B3279C283BC378007E5140 /* VkFriendsResponse.swift */ = {isa = PBXFileReference; lastKnownFileType = sourcecode.swift; path = VkFriendsResponse.swift; sourceTree = "<group>"; };
		D0B3279E283BC3FA007E5140 /* FriendsCountResponse.swift */ = {isa = PBXFileReference; lastKnownFileType = sourcecode.swift; path = FriendsCountResponse.swift; sourceTree = "<group>"; };
		D0B327A0283BCC6E007E5140 /* FriendsListRouter.swift */ = {isa = PBXFileReference; lastKnownFileType = sourcecode.swift; path = FriendsListRouter.swift; sourceTree = "<group>"; };
		D0B327A4283BEBDB007E5140 /* FriendsProfileBuilder.swift */ = {isa = PBXFileReference; lastKnownFileType = sourcecode.swift; path = FriendsProfileBuilder.swift; sourceTree = "<group>"; };
		D0B327AB283BEDB3007E5140 /* FriendsProfileContract.swift */ = {isa = PBXFileReference; lastKnownFileType = sourcecode.swift; path = FriendsProfileContract.swift; sourceTree = "<group>"; };
		D0B327AD283BEEA6007E5140 /* FriendsProfileViewController.swift */ = {isa = PBXFileReference; lastKnownFileType = sourcecode.swift; path = FriendsProfileViewController.swift; sourceTree = "<group>"; };
		D0B327AF283BEF27007E5140 /* FriendsProfilePresenter.swift */ = {isa = PBXFileReference; lastKnownFileType = sourcecode.swift; path = FriendsProfilePresenter.swift; sourceTree = "<group>"; };
		D0B327B1283BEF9D007E5140 /* FriendsProfileInteractor.swift */ = {isa = PBXFileReference; lastKnownFileType = sourcecode.swift; path = FriendsProfileInteractor.swift; sourceTree = "<group>"; };
		D0B327B3283BF021007E5140 /* FriendsProfileRouter.swift */ = {isa = PBXFileReference; lastKnownFileType = sourcecode.swift; path = FriendsProfileRouter.swift; sourceTree = "<group>"; };
		D0B327B7283BF2A2007E5140 /* FriendsProfileView.swift */ = {isa = PBXFileReference; lastKnownFileType = sourcecode.swift; path = FriendsProfileView.swift; sourceTree = "<group>"; };
		D0B327B9283BF75B007E5140 /* FriendsProfileCell.swift */ = {isa = PBXFileReference; lastKnownFileType = sourcecode.swift; path = FriendsProfileCell.swift; sourceTree = "<group>"; };
		D0B327BB283D05FA007E5140 /* Extension+UICollectionView.swift */ = {isa = PBXFileReference; lastKnownFileType = sourcecode.swift; path = "Extension+UICollectionView.swift"; sourceTree = "<group>"; };
		D0B327BE283D269B007E5140 /* GalleryBuilder.swift */ = {isa = PBXFileReference; lastKnownFileType = sourcecode.swift; path = GalleryBuilder.swift; sourceTree = "<group>"; };
		D0DCDB50281814500065E7C5 /* VkClient-2.app */ = {isa = PBXFileReference; explicitFileType = wrapper.application; includeInIndex = 0; path = "VkClient-2.app"; sourceTree = BUILT_PRODUCTS_DIR; };
		D0DCDB53281814500065E7C5 /* AppDelegate.swift */ = {isa = PBXFileReference; lastKnownFileType = sourcecode.swift; path = AppDelegate.swift; sourceTree = "<group>"; };
		D0DCDB55281814500065E7C5 /* SceneDelegate.swift */ = {isa = PBXFileReference; lastKnownFileType = sourcecode.swift; path = SceneDelegate.swift; sourceTree = "<group>"; };
		D0DCDB5D281814500065E7C5 /* VkClient_2.xcdatamodel */ = {isa = PBXFileReference; lastKnownFileType = wrapper.xcdatamodel; path = VkClient_2.xcdatamodel; sourceTree = "<group>"; };
		D0DCDB5F281814500065E7C5 /* Assets.xcassets */ = {isa = PBXFileReference; lastKnownFileType = folder.assetcatalog; path = Assets.xcassets; sourceTree = "<group>"; };
		D0DCDB62281814500065E7C5 /* Base */ = {isa = PBXFileReference; lastKnownFileType = file.storyboard; name = Base; path = Base.lproj/LaunchScreen.storyboard; sourceTree = "<group>"; };
		D0DCDB64281814500065E7C5 /* Info.plist */ = {isa = PBXFileReference; lastKnownFileType = text.plist.xml; path = Info.plist; sourceTree = "<group>"; };
		D0DCDB69281814510065E7C5 /* VkClient-2Tests.xctest */ = {isa = PBXFileReference; explicitFileType = wrapper.cfbundle; includeInIndex = 0; path = "VkClient-2Tests.xctest"; sourceTree = BUILT_PRODUCTS_DIR; };
		D0DCDB6D281814510065E7C5 /* VkClient_2Tests.swift */ = {isa = PBXFileReference; lastKnownFileType = sourcecode.swift; path = VkClient_2Tests.swift; sourceTree = "<group>"; };
		D0DCDB73281814510065E7C5 /* VkClient-2UITests.xctest */ = {isa = PBXFileReference; explicitFileType = wrapper.cfbundle; includeInIndex = 0; path = "VkClient-2UITests.xctest"; sourceTree = BUILT_PRODUCTS_DIR; };
		D0DCDB77281814510065E7C5 /* VkClient_2UITests.swift */ = {isa = PBXFileReference; lastKnownFileType = sourcecode.swift; path = VkClient_2UITests.swift; sourceTree = "<group>"; };
		D0DCDB79281814510065E7C5 /* VkClient_2UITestsLaunchTests.swift */ = {isa = PBXFileReference; lastKnownFileType = sourcecode.swift; path = VkClient_2UITestsLaunchTests.swift; sourceTree = "<group>"; };
		D0DCDB86281814990065E7C5 /* .gitignore */ = {isa = PBXFileReference; lastKnownFileType = text; path = .gitignore; sourceTree = "<group>"; };
		D0DCDB92281816490065E7C5 /* VkLoginViewController.swift */ = {isa = PBXFileReference; lastKnownFileType = sourcecode.swift; path = VkLoginViewController.swift; sourceTree = "<group>"; };
/* End PBXFileReference section */

/* Begin PBXFrameworksBuildPhase section */
		D0DCDB4D281814500065E7C5 /* Frameworks */ = {
			isa = PBXFrameworksBuildPhase;
			buildActionMask = 2147483647;
			files = (
			);
			runOnlyForDeploymentPostprocessing = 0;
		};
		D0DCDB66281814510065E7C5 /* Frameworks */ = {
			isa = PBXFrameworksBuildPhase;
			buildActionMask = 2147483647;
			files = (
			);
			runOnlyForDeploymentPostprocessing = 0;
		};
		D0DCDB70281814510065E7C5 /* Frameworks */ = {
			isa = PBXFrameworksBuildPhase;
			buildActionMask = 2147483647;
			files = (
			);
			runOnlyForDeploymentPostprocessing = 0;
		};
/* End PBXFrameworksBuildPhase section */

/* Begin PBXGroup section */
		D0B326DB281821E5007E5140 /* VkLoginPresenter */ = {
			isa = PBXGroup;
			children = (
				D0B326E328183607007E5140 /* VkLoginPresenter.swift */,
			);
			path = VkLoginPresenter;
			sourceTree = "<group>";
		};
		D0B326DC28182203007E5140 /* VkLoginInteractor */ = {
			isa = PBXGroup;
			children = (
				D0B326E52818369C007E5140 /* VkLoginInteractor.swift */,
			);
			path = VkLoginInteractor;
			sourceTree = "<group>";
		};
		D0B326DD28182220007E5140 /* VkLoginRouter */ = {
			isa = PBXGroup;
			children = (
				D0B327032823E1FD007E5140 /* VkLoginRouter.swift */,
			);
			path = VkLoginRouter;
			sourceTree = "<group>";
		};
		D0B326DE2818225B007E5140 /* VkLoginBuilder */ = {
			isa = PBXGroup;
			children = (
				D0B326E1281832D3007E5140 /* VkLoginBuilder.swift */,
			);
			path = VkLoginBuilder;
			sourceTree = "<group>";
		};
		D0B326FD2823B726007E5140 /* VkLoginView */ = {
			isa = PBXGroup;
			children = (
				D0B326FE2823B73C007E5140 /* VkLoginView.swift */,
			);
			path = VkLoginView;
			sourceTree = "<group>";
		};
		D0B327002823D9EF007E5140 /* Services */ = {
			isa = PBXGroup;
			children = (
				D0B327012823DA08007E5140 /* VkLoginService.swift */,
				D0B32747283785FA007E5140 /* GroupsService.swift */,
				D0B32792283BBF9A007E5140 /* UserService.swift */,
				D0B32749283786A0007E5140 /* LoaderProtocol.swift */,
			);
			path = Services;
			sourceTree = "<group>";
		};
		D0B327052823E929007E5140 /* Managers */ = {
			isa = PBXGroup;
			children = (
				D0B3275428378BFE007E5140 /* NetworkManager.swift */,
				D0B327062823E936007E5140 /* SessionManager.swift */,
				D0B327562837901F007E5140 /* ImageCacheManager.swift */,
			);
			path = Managers;
			sourceTree = "<group>";
		};
		D0B3270B2823F4A7007E5140 /* TabBar */ = {
			isa = PBXGroup;
			children = (
				D0B3270C2823F4B3007E5140 /* TabBarController.swift */,
			);
			path = TabBar;
			sourceTree = "<group>";
		};
		D0B3270E2823F741007E5140 /* MyGroupsBuilder */ = {
			isa = PBXGroup;
			children = (
				D0B327112823F75E007E5140 /* MyGroupsBuilder.swift */,
			);
			path = MyGroupsBuilder;
			sourceTree = "<group>";
		};
		D0B3270F2823F74A007E5140 /* FriendsListBuilder */ = {
			isa = PBXGroup;
			children = (
				D0B327132823F792007E5140 /* FriendsListBuilder.swift */,
			);
			path = FriendsListBuilder;
			sourceTree = "<group>";
		};
		D0B327102823F750007E5140 /* NewsBuilder */ = {
			isa = PBXGroup;
			children = (
				D0B327152823F7AA007E5140 /* NewsBuilder.swift */,
			);
			path = NewsBuilder;
			sourceTree = "<group>";
		};
		D0B32717282403E8007E5140 /* MyGroups */ = {
			isa = PBXGroup;
			children = (
				D0B3271B28240448007E5140 /* MyGroupsRouter */,
				D0B3271A2824043C007E5140 /* MyGroupsPresenter */,
				D0B3271928240431007E5140 /* MyGroupsInteractor */,
				D0B3271828240426007E5140 /* MyGroupsViewController */,
				D0B3271D28240474007E5140 /* MyGroupsContract.swift */,
			);
			path = MyGroups;
			sourceTree = "<group>";
		};
		D0B3271828240426007E5140 /* MyGroupsViewController */ = {
			isa = PBXGroup;
			children = (
				D0B3271C28240462007E5140 /* MyGroupsView */,
				D0B3271F28240547007E5140 /* MyGroupsViewController.swift */,
			);
			path = MyGroupsViewController;
			sourceTree = "<group>";
		};
		D0B3271928240431007E5140 /* MyGroupsInteractor */ = {
			isa = PBXGroup;
			children = (
				D0B3274528378456007E5140 /* MyGroupsInteractor.swift */,
			);
			path = MyGroupsInteractor;
			sourceTree = "<group>";
		};
		D0B3271A2824043C007E5140 /* MyGroupsPresenter */ = {
			isa = PBXGroup;
			children = (
				D0B327432836F18C007E5140 /* MyGroupsPresenter.swift */,
			);
			path = MyGroupsPresenter;
			sourceTree = "<group>";
		};
		D0B3271B28240448007E5140 /* MyGroupsRouter */ = {
			isa = PBXGroup;
			children = (
				D0B3275F2837ABA2007E5140 /* MyGroupsRouter.swift */,
			);
			path = MyGroupsRouter;
			sourceTree = "<group>";
		};
		D0B3271C28240462007E5140 /* MyGroupsView */ = {
			isa = PBXGroup;
			children = (
				D0B3272328240806007E5140 /* Cell */,
				D0B32721282405A8007E5140 /* MyGroupsView.swift */,
			);
			path = MyGroupsView;
			sourceTree = "<group>";
		};
		D0B3272328240806007E5140 /* Cell */ = {
			isa = PBXGroup;
			children = (
				D0B3272428240820007E5140 /* MyGroupsCell.swift */,
			);
			path = Cell;
			sourceTree = "<group>";
		};
		D0B3273E28366C28007E5140 /* Extension */ = {
			isa = PBXGroup;
			children = (
				D0B3273F28366C3E007E5140 /* Extension+UITableView.swift */,
				D0B3278E283BB75F007E5140 /* Extension+UIFont.swift */,
				D0B327BB283D05FA007E5140 /* Extension+UICollectionView.swift */,
			);
			path = Extension;
			sourceTree = "<group>";
		};
		D0B3274D28378940007E5140 /* ApiUserImages */ = {
			isa = PBXGroup;
			children = (
				D0B3274B283788E3007E5140 /* ApiImage.swift */,
				D0B3274E28378955007E5140 /* ImageSizes.swift */,
				D0B32750283789A2007E5140 /* UserImagesMainResponse.swift */,
				D0B32752283789C1007E5140 /* UserImagesResponse.swift */,
			);
			path = ApiUserImages;
			sourceTree = "<group>";
		};
		D0B3275828379672007E5140 /* ApiGetGroups */ = {
			isa = PBXGroup;
			children = (
				D0B3275928379698007E5140 /* GroupsMyResponse.swift */,
				D0B3275B283796B6007E5140 /* GroupsMyMainResponse.swift */,
			);
			path = ApiGetGroups;
			sourceTree = "<group>";
		};
		D0B327612837AC00007E5140 /* SearchGroupsBuilder */ = {
			isa = PBXGroup;
			children = (
				D0B327622837AC11007E5140 /* SearchGroupsBuilder.swift */,
			);
			path = SearchGroupsBuilder;
			sourceTree = "<group>";
		};
		D0B327642837C708007E5140 /* SearchGroups */ = {
			isa = PBXGroup;
			children = (
				D0B327682837C746007E5140 /* SearchGroupsInteractor */,
				D0B327672837C73A007E5140 /* SearchGroupsPresenter */,
				D0B327662837C71E007E5140 /* SearchGroupsViewController */,
				D0B327652837C716007E5140 /* SearchGroupsRouter */,
				D0B327692837C8FF007E5140 /* SearchGroupsContract.swift */,
			);
			path = SearchGroups;
			sourceTree = "<group>";
		};
		D0B327652837C716007E5140 /* SearchGroupsRouter */ = {
			isa = PBXGroup;
			children = (
				D0B327712837CF12007E5140 /* SearchGroupsRouter.swift */,
			);
			path = SearchGroupsRouter;
			sourceTree = "<group>";
		};
		D0B327662837C71E007E5140 /* SearchGroupsViewController */ = {
			isa = PBXGroup;
			children = (
				D0B327732837CF9F007E5140 /* SearchGroupsView */,
				D0B3276B2837CD80007E5140 /* SearchGroupsViewController.swift */,
			);
			path = SearchGroupsViewController;
			sourceTree = "<group>";
		};
		D0B327672837C73A007E5140 /* SearchGroupsPresenter */ = {
			isa = PBXGroup;
			children = (
				D0B3276D2837CDF7007E5140 /* SearchGroupsPresenter.swift */,
			);
			path = SearchGroupsPresenter;
			sourceTree = "<group>";
		};
		D0B327682837C746007E5140 /* SearchGroupsInteractor */ = {
			isa = PBXGroup;
			children = (
				D0B3276F2837CE60007E5140 /* SearchGroupsInteractor.swift */,
			);
			path = SearchGroupsInteractor;
			sourceTree = "<group>";
		};
		D0B327732837CF9F007E5140 /* SearchGroupsView */ = {
			isa = PBXGroup;
			children = (
				D0B3277628383CE3007E5140 /* Cell */,
				D0B327742837CFAD007E5140 /* SearchGroupsView.swift */,
			);
			path = SearchGroupsView;
			sourceTree = "<group>";
		};
		D0B3277628383CE3007E5140 /* Cell */ = {
			isa = PBXGroup;
			children = (
				D0B3277728383CF5007E5140 /* SearchGroupsCell.swift */,
			);
			path = Cell;
			sourceTree = "<group>";
		};
		D0B32779283BACA8007E5140 /* FriendsList */ = {
			isa = PBXGroup;
			children = (
				D0B3277D283BACD1007E5140 /* FriendsListRouter */,
				D0B3277C283BACC8007E5140 /* FriendsListInteractor */,
				D0B3277B283BACC1007E5140 /* FriendsListPresenter */,
				D0B3277A283BACB2007E5140 /* FriendsListViewController */,
				D0B32780283BAD21007E5140 /* FriendsListContract.swift */,
			);
			path = FriendsList;
			sourceTree = "<group>";
		};
		D0B3277A283BACB2007E5140 /* FriendsListViewController */ = {
			isa = PBXGroup;
			children = (
				D0B3277E283BAD00007E5140 /* FriendsListView */,
				D0B32784283BAF19007E5140 /* FriendsListViewController.swift */,
			);
			path = FriendsListViewController;
			sourceTree = "<group>";
		};
		D0B3277B283BACC1007E5140 /* FriendsListPresenter */ = {
			isa = PBXGroup;
			children = (
				D0B3278A283BB447007E5140 /* FriendsListPresenter.swift */,
			);
			path = FriendsListPresenter;
			sourceTree = "<group>";
		};
		D0B3277C283BACC8007E5140 /* FriendsListInteractor */ = {
			isa = PBXGroup;
			children = (
				D0B32790283BB9C6007E5140 /* FriendsListInteractor.swift */,
			);
			path = FriendsListInteractor;
			sourceTree = "<group>";
		};
		D0B3277D283BACD1007E5140 /* FriendsListRouter */ = {
			isa = PBXGroup;
			children = (
				D0B327A0283BCC6E007E5140 /* FriendsListRouter.swift */,
			);
			path = FriendsListRouter;
			sourceTree = "<group>";
		};
		D0B3277E283BAD00007E5140 /* FriendsListView */ = {
			isa = PBXGroup;
			children = (
				D0B3277F283BAD0C007E5140 /* Cell */,
				D0B32786283BAFC9007E5140 /* FriendsListView.swift */,
				D0B3278C283BB674007E5140 /* AvatarView.swift */,
			);
			path = FriendsListView;
			sourceTree = "<group>";
		};
		D0B3277F283BAD0C007E5140 /* Cell */ = {
			isa = PBXGroup;
			children = (
				D0B32788283BB0DB007E5140 /* FriendListCell.swift */,
			);
			path = Cell;
			sourceTree = "<group>";
		};
		D0B32797283BC30D007E5140 /* ApiGetFriends */ = {
			isa = PBXGroup;
			children = (
				D0B3279A283BC34A007E5140 /* FriendsCountMainResponse.swift */,
				D0B3279E283BC3FA007E5140 /* FriendsCountResponse.swift */,
				D0B32798283BC32F007E5140 /* VkFriendsMainResponse.swift */,
				D0B3279C283BC378007E5140 /* VkFriendsResponse.swift */,
			);
			path = ApiGetFriends;
			sourceTree = "<group>";
		};
		D0B327A3283BEBC0007E5140 /* FriendsProfileBuilder */ = {
			isa = PBXGroup;
			children = (
				D0B327A4283BEBDB007E5140 /* FriendsProfileBuilder.swift */,
			);
			path = FriendsProfileBuilder;
			sourceTree = "<group>";
		};
		D0B327A6283BED6B007E5140 /* FriendsProfile */ = {
			isa = PBXGroup;
			children = (
				D0B327AA283BEDA0007E5140 /* FriendsProfileRouter */,
				D0B327A9283BED98007E5140 /* FriendsProfileInteractor */,
				D0B327A8283BED8C007E5140 /* FriendsProfilePresenter */,
				D0B327A7283BED82007E5140 /* FriendsProfileViewController */,
				D0B327AB283BEDB3007E5140 /* FriendsProfileContract.swift */,
			);
			path = FriendsProfile;
			sourceTree = "<group>";
		};
		D0B327A7283BED82007E5140 /* FriendsProfileViewController */ = {
			isa = PBXGroup;
			children = (
				D0B327B5283BF291007E5140 /* View */,
				D0B327AD283BEEA6007E5140 /* FriendsProfileViewController.swift */,
			);
			path = FriendsProfileViewController;
			sourceTree = "<group>";
		};
		D0B327A8283BED8C007E5140 /* FriendsProfilePresenter */ = {
			isa = PBXGroup;
			children = (
				D0B327AF283BEF27007E5140 /* FriendsProfilePresenter.swift */,
			);
			path = FriendsProfilePresenter;
			sourceTree = "<group>";
		};
		D0B327A9283BED98007E5140 /* FriendsProfileInteractor */ = {
			isa = PBXGroup;
			children = (
				D0B327B1283BEF9D007E5140 /* FriendsProfileInteractor.swift */,
			);
			path = FriendsProfileInteractor;
			sourceTree = "<group>";
		};
		D0B327AA283BEDA0007E5140 /* FriendsProfileRouter */ = {
			isa = PBXGroup;
			children = (
				D0B327B3283BF021007E5140 /* FriendsProfileRouter.swift */,
			);
			path = FriendsProfileRouter;
			sourceTree = "<group>";
		};
		D0B327B5283BF291007E5140 /* View */ = {
			isa = PBXGroup;
			children = (
				D0B327B6283BF295007E5140 /* Cell */,
				D0B327B7283BF2A2007E5140 /* FriendsProfileView.swift */,
			);
			path = View;
			sourceTree = "<group>";
		};
		D0B327B6283BF295007E5140 /* Cell */ = {
			isa = PBXGroup;
			children = (
				D0B327B9283BF75B007E5140 /* FriendsProfileCell.swift */,
			);
			path = Cell;
			sourceTree = "<group>";
		};
		D0B327BD283D2689007E5140 /* GalleryBuilder */ = {
			isa = PBXGroup;
			children = (
				D0B327BE283D269B007E5140 /* GalleryBuilder.swift */,
			);
			path = GalleryBuilder;
			sourceTree = "<group>";
		};
		D0DCDB47281814500065E7C5 = {
			isa = PBXGroup;
			children = (
				D0DCDB52281814500065E7C5 /* VkClient-2 */,
				D0DCDB6C281814510065E7C5 /* VkClient-2Tests */,
				D0DCDB76281814510065E7C5 /* VkClient-2UITests */,
				D0DCDB51281814500065E7C5 /* Products */,
			);
			sourceTree = "<group>";
		};
		D0DCDB51281814500065E7C5 /* Products */ = {
			isa = PBXGroup;
			children = (
				D0DCDB50281814500065E7C5 /* VkClient-2.app */,
				D0DCDB69281814510065E7C5 /* VkClient-2Tests.xctest */,
				D0DCDB73281814510065E7C5 /* VkClient-2UITests.xctest */,
			);
			name = Products;
			sourceTree = "<group>";
		};
		D0DCDB52281814500065E7C5 /* VkClient-2 */ = {
			isa = PBXGroup;
			children = (
				D0DCDB88281814C00065E7C5 /* App */,
				D0DCDB8B281815030065E7C5 /* Core */,
				D0DCDB8A281814F70065E7C5 /* Resources */,
				D0DCDB89281814EE0065E7C5 /* Environments */,
				D0DCDB86281814990065E7C5 /* .gitignore */,
			);
			path = "VkClient-2";
			sourceTree = "<group>";
		};
		D0DCDB6C281814510065E7C5 /* VkClient-2Tests */ = {
			isa = PBXGroup;
			children = (
				D0DCDB6D281814510065E7C5 /* VkClient_2Tests.swift */,
			);
			path = "VkClient-2Tests";
			sourceTree = "<group>";
		};
		D0DCDB76281814510065E7C5 /* VkClient-2UITests */ = {
			isa = PBXGroup;
			children = (
				D0DCDB77281814510065E7C5 /* VkClient_2UITests.swift */,
				D0DCDB79281814510065E7C5 /* VkClient_2UITestsLaunchTests.swift */,
			);
			path = "VkClient-2UITests";
			sourceTree = "<group>";
		};
		D0DCDB88281814C00065E7C5 /* App */ = {
			isa = PBXGroup;
			children = (
				D0DCDB8F2818152E0065E7C5 /* BusinessLogic */,
				D0DCDB8E281815220065E7C5 /* Entity */,
				D0DCDB8D2818151B0065E7C5 /* Assembly */,
				D0DCDB8C281815150065E7C5 /* Flows */,
			);
			path = App;
			sourceTree = "<group>";
		};
		D0DCDB89281814EE0065E7C5 /* Environments */ = {
			isa = PBXGroup;
			children = (
				D0DCDB64281814500065E7C5 /* Info.plist */,
			);
			path = Environments;
			sourceTree = "<group>";
		};
		D0DCDB8A281814F70065E7C5 /* Resources */ = {
			isa = PBXGroup;
			children = (
				D0DCDB5C281814500065E7C5 /* VkClient_2.xcdatamodeld */,
				D0DCDB5F281814500065E7C5 /* Assets.xcassets */,
				D0DCDB61281814500065E7C5 /* LaunchScreen.storyboard */,
			);
			path = Resources;
			sourceTree = "<group>";
		};
		D0DCDB8B281815030065E7C5 /* Core */ = {
			isa = PBXGroup;
			children = (
				D0B3273E28366C28007E5140 /* Extension */,
				D0DCDB53281814500065E7C5 /* AppDelegate.swift */,
				D0DCDB55281814500065E7C5 /* SceneDelegate.swift */,
			);
			path = Core;
			sourceTree = "<group>";
		};
		D0DCDB8C281815150065E7C5 /* Flows */ = {
			isa = PBXGroup;
			children = (
				D0B327A6283BED6B007E5140 /* FriendsProfile */,
				D0B32779283BACA8007E5140 /* FriendsList */,
				D0B327642837C708007E5140 /* SearchGroups */,
				D0B32717282403E8007E5140 /* MyGroups */,
				D0B3270B2823F4A7007E5140 /* TabBar */,
				D0DCDB90281815EF0065E7C5 /* VkLogin */,
			);
			path = Flows;
			sourceTree = "<group>";
		};
		D0DCDB8D2818151B0065E7C5 /* Assembly */ = {
			isa = PBXGroup;
			children = (
				D0B327BD283D2689007E5140 /* GalleryBuilder */,
				D0B327A3283BEBC0007E5140 /* FriendsProfileBuilder */,
				D0B327612837AC00007E5140 /* SearchGroupsBuilder */,
				D0B327102823F750007E5140 /* NewsBuilder */,
				D0B3270F2823F74A007E5140 /* FriendsListBuilder */,
				D0B3270E2823F741007E5140 /* MyGroupsBuilder */,
				D0B326DE2818225B007E5140 /* VkLoginBuilder */,
			);
			path = Assembly;
			sourceTree = "<group>";
		};
		D0DCDB8E281815220065E7C5 /* Entity */ = {
			isa = PBXGroup;
			children = (
				D0B32797283BC30D007E5140 /* ApiGetFriends */,
				D0B3275828379672007E5140 /* ApiGetGroups */,
				D0B3274D28378940007E5140 /* ApiUserImages */,
				D0B327412836EC1D007E5140 /* GroupModel.swift */,
				D0B3275D28379713007E5140 /* ApiBoolResponse.swift */,
				D0B32782283BAEAA007E5140 /* UserModel.swift */,
				D0B32795283BC0AB007E5140 /* FriendsSection.swift */,
			);
			path = Entity;
			sourceTree = "<group>";
		};
		D0DCDB8F2818152E0065E7C5 /* BusinessLogic */ = {
			isa = PBXGroup;
			children = (
				D0B327052823E929007E5140 /* Managers */,
				D0B327002823D9EF007E5140 /* Services */,
			);
			path = BusinessLogic;
			sourceTree = "<group>";
		};
		D0DCDB90281815EF0065E7C5 /* VkLogin */ = {
			isa = PBXGroup;
			children = (
				D0B326DD28182220007E5140 /* VkLoginRouter */,
				D0B326DC28182203007E5140 /* VkLoginInteractor */,
				D0B326DB281821E5007E5140 /* VkLoginPresenter */,
				D0DCDB91281816050065E7C5 /* VkLoginViewController */,
				D0B326DF2818231B007E5140 /* VkLoginContract.swift */,
			);
			path = VkLogin;
			sourceTree = "<group>";
		};
		D0DCDB91281816050065E7C5 /* VkLoginViewController */ = {
			isa = PBXGroup;
			children = (
				D0B326FD2823B726007E5140 /* VkLoginView */,
				D0DCDB92281816490065E7C5 /* VkLoginViewController.swift */,
			);
			path = VkLoginViewController;
			sourceTree = "<group>";
		};
/* End PBXGroup section */

/* Begin PBXNativeTarget section */
		D0DCDB4F281814500065E7C5 /* VkClient-2 */ = {
			isa = PBXNativeTarget;
			buildConfigurationList = D0DCDB7D281814510065E7C5 /* Build configuration list for PBXNativeTarget "VkClient-2" */;
			buildPhases = (
				D0DCDB4C281814500065E7C5 /* Sources */,
				D0DCDB4D281814500065E7C5 /* Frameworks */,
				D0DCDB4E281814500065E7C5 /* Resources */,
			);
			buildRules = (
			);
			dependencies = (
			);
			name = "VkClient-2";
			productName = "VkClient-2";
			productReference = D0DCDB50281814500065E7C5 /* VkClient-2.app */;
			productType = "com.apple.product-type.application";
		};
		D0DCDB68281814510065E7C5 /* VkClient-2Tests */ = {
			isa = PBXNativeTarget;
			buildConfigurationList = D0DCDB80281814510065E7C5 /* Build configuration list for PBXNativeTarget "VkClient-2Tests" */;
			buildPhases = (
				D0DCDB65281814510065E7C5 /* Sources */,
				D0DCDB66281814510065E7C5 /* Frameworks */,
				D0DCDB67281814510065E7C5 /* Resources */,
			);
			buildRules = (
			);
			dependencies = (
				D0DCDB6B281814510065E7C5 /* PBXTargetDependency */,
			);
			name = "VkClient-2Tests";
			productName = "VkClient-2Tests";
			productReference = D0DCDB69281814510065E7C5 /* VkClient-2Tests.xctest */;
			productType = "com.apple.product-type.bundle.unit-test";
		};
		D0DCDB72281814510065E7C5 /* VkClient-2UITests */ = {
			isa = PBXNativeTarget;
			buildConfigurationList = D0DCDB83281814510065E7C5 /* Build configuration list for PBXNativeTarget "VkClient-2UITests" */;
			buildPhases = (
				D0DCDB6F281814510065E7C5 /* Sources */,
				D0DCDB70281814510065E7C5 /* Frameworks */,
				D0DCDB71281814510065E7C5 /* Resources */,
			);
			buildRules = (
			);
			dependencies = (
				D0DCDB75281814510065E7C5 /* PBXTargetDependency */,
			);
			name = "VkClient-2UITests";
			productName = "VkClient-2UITests";
			productReference = D0DCDB73281814510065E7C5 /* VkClient-2UITests.xctest */;
			productType = "com.apple.product-type.bundle.ui-testing";
		};
/* End PBXNativeTarget section */

/* Begin PBXProject section */
		D0DCDB48281814500065E7C5 /* Project object */ = {
			isa = PBXProject;
			attributes = {
				BuildIndependentTargetsInParallel = 1;
				LastSwiftUpdateCheck = 1330;
				LastUpgradeCheck = 1330;
				TargetAttributes = {
					D0DCDB4F281814500065E7C5 = {
						CreatedOnToolsVersion = 13.3.1;
					};
					D0DCDB68281814510065E7C5 = {
						CreatedOnToolsVersion = 13.3.1;
						TestTargetID = D0DCDB4F281814500065E7C5;
					};
					D0DCDB72281814510065E7C5 = {
						CreatedOnToolsVersion = 13.3.1;
						TestTargetID = D0DCDB4F281814500065E7C5;
					};
				};
			};
			buildConfigurationList = D0DCDB4B281814500065E7C5 /* Build configuration list for PBXProject "VkClient-2" */;
			compatibilityVersion = "Xcode 13.0";
			developmentRegion = en;
			hasScannedForEncodings = 0;
			knownRegions = (
				en,
				Base,
			);
			mainGroup = D0DCDB47281814500065E7C5;
			productRefGroup = D0DCDB51281814500065E7C5 /* Products */;
			projectDirPath = "";
			projectRoot = "";
			targets = (
				D0DCDB4F281814500065E7C5 /* VkClient-2 */,
				D0DCDB68281814510065E7C5 /* VkClient-2Tests */,
				D0DCDB72281814510065E7C5 /* VkClient-2UITests */,
			);
		};
/* End PBXProject section */

/* Begin PBXResourcesBuildPhase section */
		D0DCDB4E281814500065E7C5 /* Resources */ = {
			isa = PBXResourcesBuildPhase;
			buildActionMask = 2147483647;
			files = (
				D0DCDB87281814990065E7C5 /* .gitignore in Resources */,
				D0DCDB63281814500065E7C5 /* LaunchScreen.storyboard in Resources */,
				D0DCDB60281814500065E7C5 /* Assets.xcassets in Resources */,
			);
			runOnlyForDeploymentPostprocessing = 0;
		};
		D0DCDB67281814510065E7C5 /* Resources */ = {
			isa = PBXResourcesBuildPhase;
			buildActionMask = 2147483647;
			files = (
			);
			runOnlyForDeploymentPostprocessing = 0;
		};
		D0DCDB71281814510065E7C5 /* Resources */ = {
			isa = PBXResourcesBuildPhase;
			buildActionMask = 2147483647;
			files = (
			);
			runOnlyForDeploymentPostprocessing = 0;
		};
/* End PBXResourcesBuildPhase section */

/* Begin PBXSourcesBuildPhase section */
		D0DCDB4C281814500065E7C5 /* Sources */ = {
			isa = PBXSourcesBuildPhase;
			buildActionMask = 2147483647;
			files = (
				D0B3279B283BC34A007E5140 /* FriendsCountMainResponse.swift in Sources */,
				D0B327B2283BEF9D007E5140 /* FriendsProfileInteractor.swift in Sources */,
				D0B327162823F7AA007E5140 /* NewsBuilder.swift in Sources */,
				D0B3279F283BC3FA007E5140 /* FriendsCountResponse.swift in Sources */,
				D0B3271E28240474007E5140 /* MyGroupsContract.swift in Sources */,
				D0B32787283BAFC9007E5140 /* FriendsListView.swift in Sources */,
				D0DCDB5E281814500065E7C5 /* VkClient_2.xcdatamodeld in Sources */,
				D0B326E428183607007E5140 /* VkLoginPresenter.swift in Sources */,
				D0B3274C283788E3007E5140 /* ApiImage.swift in Sources */,
				D0B327072823E936007E5140 /* SessionManager.swift in Sources */,
				D0B32793283BBF9A007E5140 /* UserService.swift in Sources */,
				D0B3275A28379698007E5140 /* GroupsMyResponse.swift in Sources */,
				D0B32722282405A8007E5140 /* MyGroupsView.swift in Sources */,
				D0B327B0283BEF27007E5140 /* FriendsProfilePresenter.swift in Sources */,
				D0B32783283BAEAA007E5140 /* UserModel.swift in Sources */,
				D0B32748283785FA007E5140 /* GroupsService.swift in Sources */,
				D0B3274F28378955007E5140 /* ImageSizes.swift in Sources */,
				D0B32791283BB9C6007E5140 /* FriendsListInteractor.swift in Sources */,
				D0B32799283BC32F007E5140 /* VkFriendsMainResponse.swift in Sources */,
				D0B327122823F75E007E5140 /* MyGroupsBuilder.swift in Sources */,
				D0B3272528240820007E5140 /* MyGroupsCell.swift in Sources */,
				D0B3276E2837CDF7007E5140 /* SearchGroupsPresenter.swift in Sources */,
				D0B327442836F18C007E5140 /* MyGroupsPresenter.swift in Sources */,
				D0B3275E28379713007E5140 /* ApiBoolResponse.swift in Sources */,
				D0B327BF283D269B007E5140 /* GalleryBuilder.swift in Sources */,
				D0B327A1283BCC6E007E5140 /* FriendsListRouter.swift in Sources */,
				D0B3272028240547007E5140 /* MyGroupsViewController.swift in Sources */,
				D0B327A5283BEBDB007E5140 /* FriendsProfileBuilder.swift in Sources */,
				D0B32751283789A2007E5140 /* UserImagesMainResponse.swift in Sources */,
				D0DCDB54281814500065E7C5 /* AppDelegate.swift in Sources */,
				D0B327702837CE60007E5140 /* SearchGroupsInteractor.swift in Sources */,
				D0B3277828383CF5007E5140 /* SearchGroupsCell.swift in Sources */,
				D0B327AE283BEEA6007E5140 /* FriendsProfileViewController.swift in Sources */,
				D0B327B4283BF021007E5140 /* FriendsProfileRouter.swift in Sources */,
				D0B3278F283BB75F007E5140 /* Extension+UIFont.swift in Sources */,
				D0B32753283789C1007E5140 /* UserImagesResponse.swift in Sources */,
				D0B327AC283BEDB3007E5140 /* FriendsProfileContract.swift in Sources */,
				D0DCDB56281814500065E7C5 /* SceneDelegate.swift in Sources */,
				D0B327422836EC1D007E5140 /* GroupModel.swift in Sources */,
				D0DCDB93281816490065E7C5 /* VkLoginViewController.swift in Sources */,
				D0B32781283BAD21007E5140 /* FriendsListContract.swift in Sources */,
				D0B327042823E1FD007E5140 /* VkLoginRouter.swift in Sources */,
				D0B327752837CFAD007E5140 /* SearchGroupsView.swift in Sources */,
				D0B327142823F792007E5140 /* FriendsListBuilder.swift in Sources */,
				D0B326E2281832D3007E5140 /* VkLoginBuilder.swift in Sources */,
				D0B327022823DA08007E5140 /* VkLoginService.swift in Sources */,
				D0B3278B283BB447007E5140 /* FriendsListPresenter.swift in Sources */,
				D0B327632837AC11007E5140 /* SearchGroupsBuilder.swift in Sources */,
				D0B326FF2823B73C007E5140 /* VkLoginView.swift in Sources */,
				D0B32796283BC0AB007E5140 /* FriendsSection.swift in Sources */,
				D0B3276A2837C8FF007E5140 /* SearchGroupsContract.swift in Sources */,
				D0B3274028366C3E007E5140 /* Extension+UITableView.swift in Sources */,
				D0B3274628378456007E5140 /* MyGroupsInteractor.swift in Sources */,
				D0B3275C283796B6007E5140 /* GroupsMyMainResponse.swift in Sources */,
				D0B3274A283786A0007E5140 /* LoaderProtocol.swift in Sources */,
				D0B3270D2823F4B3007E5140 /* TabBarController.swift in Sources */,
				D0B327BC283D05FA007E5140 /* Extension+UICollectionView.swift in Sources */,
				D0B32789283BB0DB007E5140 /* FriendListCell.swift in Sources */,
				D0B327572837901F007E5140 /* ImageCacheManager.swift in Sources */,
				D0B32785283BAF19007E5140 /* FriendsListViewController.swift in Sources */,
				D0B327B8283BF2A2007E5140 /* FriendsProfileView.swift in Sources */,
				D0B3275528378BFE007E5140 /* NetworkManager.swift in Sources */,
				D0B3279D283BC378007E5140 /* VkFriendsResponse.swift in Sources */,
				D0B326E02818231B007E5140 /* VkLoginContract.swift in Sources */,
				D0B327722837CF12007E5140 /* SearchGroupsRouter.swift in Sources */,
				D0B3276C2837CD80007E5140 /* SearchGroupsViewController.swift in Sources */,
				D0B327602837ABA2007E5140 /* MyGroupsRouter.swift in Sources */,
				D0B3278D283BB674007E5140 /* AvatarView.swift in Sources */,
				D0B326E62818369C007E5140 /* VkLoginInteractor.swift in Sources */,
				D0B327BA283BF75B007E5140 /* FriendsProfileCell.swift in Sources */,
			);
			runOnlyForDeploymentPostprocessing = 0;
		};
		D0DCDB65281814510065E7C5 /* Sources */ = {
			isa = PBXSourcesBuildPhase;
			buildActionMask = 2147483647;
			files = (
				D0DCDB6E281814510065E7C5 /* VkClient_2Tests.swift in Sources */,
			);
			runOnlyForDeploymentPostprocessing = 0;
		};
		D0DCDB6F281814510065E7C5 /* Sources */ = {
			isa = PBXSourcesBuildPhase;
			buildActionMask = 2147483647;
			files = (
				D0DCDB78281814510065E7C5 /* VkClient_2UITests.swift in Sources */,
				D0DCDB7A281814510065E7C5 /* VkClient_2UITestsLaunchTests.swift in Sources */,
			);
			runOnlyForDeploymentPostprocessing = 0;
		};
/* End PBXSourcesBuildPhase section */

/* Begin PBXTargetDependency section */
		D0DCDB6B281814510065E7C5 /* PBXTargetDependency */ = {
			isa = PBXTargetDependency;
			target = D0DCDB4F281814500065E7C5 /* VkClient-2 */;
			targetProxy = D0DCDB6A281814510065E7C5 /* PBXContainerItemProxy */;
		};
		D0DCDB75281814510065E7C5 /* PBXTargetDependency */ = {
			isa = PBXTargetDependency;
			target = D0DCDB4F281814500065E7C5 /* VkClient-2 */;
			targetProxy = D0DCDB74281814510065E7C5 /* PBXContainerItemProxy */;
		};
/* End PBXTargetDependency section */

/* Begin PBXVariantGroup section */
		D0DCDB61281814500065E7C5 /* LaunchScreen.storyboard */ = {
			isa = PBXVariantGroup;
			children = (
				D0DCDB62281814500065E7C5 /* Base */,
			);
			name = LaunchScreen.storyboard;
			sourceTree = "<group>";
		};
/* End PBXVariantGroup section */

/* Begin XCBuildConfiguration section */
		D0DCDB7B281814510065E7C5 /* Debug */ = {
			isa = XCBuildConfiguration;
			buildSettings = {
				ALWAYS_SEARCH_USER_PATHS = NO;
				CLANG_ANALYZER_NONNULL = YES;
				CLANG_ANALYZER_NUMBER_OBJECT_CONVERSION = YES_AGGRESSIVE;
				CLANG_CXX_LANGUAGE_STANDARD = "gnu++17";
				CLANG_ENABLE_MODULES = YES;
				CLANG_ENABLE_OBJC_ARC = YES;
				CLANG_ENABLE_OBJC_WEAK = YES;
				CLANG_WARN_BLOCK_CAPTURE_AUTORELEASING = YES;
				CLANG_WARN_BOOL_CONVERSION = YES;
				CLANG_WARN_COMMA = YES;
				CLANG_WARN_CONSTANT_CONVERSION = YES;
				CLANG_WARN_DEPRECATED_OBJC_IMPLEMENTATIONS = YES;
				CLANG_WARN_DIRECT_OBJC_ISA_USAGE = YES_ERROR;
				CLANG_WARN_DOCUMENTATION_COMMENTS = YES;
				CLANG_WARN_EMPTY_BODY = YES;
				CLANG_WARN_ENUM_CONVERSION = YES;
				CLANG_WARN_INFINITE_RECURSION = YES;
				CLANG_WARN_INT_CONVERSION = YES;
				CLANG_WARN_NON_LITERAL_NULL_CONVERSION = YES;
				CLANG_WARN_OBJC_IMPLICIT_RETAIN_SELF = YES;
				CLANG_WARN_OBJC_LITERAL_CONVERSION = YES;
				CLANG_WARN_OBJC_ROOT_CLASS = YES_ERROR;
				CLANG_WARN_QUOTED_INCLUDE_IN_FRAMEWORK_HEADER = YES;
				CLANG_WARN_RANGE_LOOP_ANALYSIS = YES;
				CLANG_WARN_STRICT_PROTOTYPES = YES;
				CLANG_WARN_SUSPICIOUS_MOVE = YES;
				CLANG_WARN_UNGUARDED_AVAILABILITY = YES_AGGRESSIVE;
				CLANG_WARN_UNREACHABLE_CODE = YES;
				CLANG_WARN__DUPLICATE_METHOD_MATCH = YES;
				COPY_PHASE_STRIP = NO;
				DEBUG_INFORMATION_FORMAT = dwarf;
				ENABLE_STRICT_OBJC_MSGSEND = YES;
				ENABLE_TESTABILITY = YES;
				GCC_C_LANGUAGE_STANDARD = gnu11;
				GCC_DYNAMIC_NO_PIC = NO;
				GCC_NO_COMMON_BLOCKS = YES;
				GCC_OPTIMIZATION_LEVEL = 0;
				GCC_PREPROCESSOR_DEFINITIONS = (
					"DEBUG=1",
					"$(inherited)",
				);
				GCC_WARN_64_TO_32_BIT_CONVERSION = YES;
				GCC_WARN_ABOUT_RETURN_TYPE = YES_ERROR;
				GCC_WARN_UNDECLARED_SELECTOR = YES;
				GCC_WARN_UNINITIALIZED_AUTOS = YES_AGGRESSIVE;
				GCC_WARN_UNUSED_FUNCTION = YES;
				GCC_WARN_UNUSED_VARIABLE = YES;
				IPHONEOS_DEPLOYMENT_TARGET = 13.0;
				MTL_ENABLE_DEBUG_INFO = INCLUDE_SOURCE;
				MTL_FAST_MATH = YES;
				ONLY_ACTIVE_ARCH = YES;
				SDKROOT = iphoneos;
				SWIFT_ACTIVE_COMPILATION_CONDITIONS = DEBUG;
				SWIFT_OPTIMIZATION_LEVEL = "-Onone";
			};
			name = Debug;
		};
		D0DCDB7C281814510065E7C5 /* Release */ = {
			isa = XCBuildConfiguration;
			buildSettings = {
				ALWAYS_SEARCH_USER_PATHS = NO;
				CLANG_ANALYZER_NONNULL = YES;
				CLANG_ANALYZER_NUMBER_OBJECT_CONVERSION = YES_AGGRESSIVE;
				CLANG_CXX_LANGUAGE_STANDARD = "gnu++17";
				CLANG_ENABLE_MODULES = YES;
				CLANG_ENABLE_OBJC_ARC = YES;
				CLANG_ENABLE_OBJC_WEAK = YES;
				CLANG_WARN_BLOCK_CAPTURE_AUTORELEASING = YES;
				CLANG_WARN_BOOL_CONVERSION = YES;
				CLANG_WARN_COMMA = YES;
				CLANG_WARN_CONSTANT_CONVERSION = YES;
				CLANG_WARN_DEPRECATED_OBJC_IMPLEMENTATIONS = YES;
				CLANG_WARN_DIRECT_OBJC_ISA_USAGE = YES_ERROR;
				CLANG_WARN_DOCUMENTATION_COMMENTS = YES;
				CLANG_WARN_EMPTY_BODY = YES;
				CLANG_WARN_ENUM_CONVERSION = YES;
				CLANG_WARN_INFINITE_RECURSION = YES;
				CLANG_WARN_INT_CONVERSION = YES;
				CLANG_WARN_NON_LITERAL_NULL_CONVERSION = YES;
				CLANG_WARN_OBJC_IMPLICIT_RETAIN_SELF = YES;
				CLANG_WARN_OBJC_LITERAL_CONVERSION = YES;
				CLANG_WARN_OBJC_ROOT_CLASS = YES_ERROR;
				CLANG_WARN_QUOTED_INCLUDE_IN_FRAMEWORK_HEADER = YES;
				CLANG_WARN_RANGE_LOOP_ANALYSIS = YES;
				CLANG_WARN_STRICT_PROTOTYPES = YES;
				CLANG_WARN_SUSPICIOUS_MOVE = YES;
				CLANG_WARN_UNGUARDED_AVAILABILITY = YES_AGGRESSIVE;
				CLANG_WARN_UNREACHABLE_CODE = YES;
				CLANG_WARN__DUPLICATE_METHOD_MATCH = YES;
				COPY_PHASE_STRIP = NO;
				DEBUG_INFORMATION_FORMAT = "dwarf-with-dsym";
				ENABLE_NS_ASSERTIONS = NO;
				ENABLE_STRICT_OBJC_MSGSEND = YES;
				GCC_C_LANGUAGE_STANDARD = gnu11;
				GCC_NO_COMMON_BLOCKS = YES;
				GCC_WARN_64_TO_32_BIT_CONVERSION = YES;
				GCC_WARN_ABOUT_RETURN_TYPE = YES_ERROR;
				GCC_WARN_UNDECLARED_SELECTOR = YES;
				GCC_WARN_UNINITIALIZED_AUTOS = YES_AGGRESSIVE;
				GCC_WARN_UNUSED_FUNCTION = YES;
				GCC_WARN_UNUSED_VARIABLE = YES;
				IPHONEOS_DEPLOYMENT_TARGET = 13.0;
				MTL_ENABLE_DEBUG_INFO = NO;
				MTL_FAST_MATH = YES;
				SDKROOT = iphoneos;
				SWIFT_COMPILATION_MODE = wholemodule;
				SWIFT_OPTIMIZATION_LEVEL = "-O";
				VALIDATE_PRODUCT = YES;
			};
			name = Release;
		};
		D0DCDB7E281814510065E7C5 /* Debug */ = {
			isa = XCBuildConfiguration;
			buildSettings = {
				ASSETCATALOG_COMPILER_APPICON_NAME = AppIcon;
				ASSETCATALOG_COMPILER_GLOBAL_ACCENT_COLOR_NAME = AccentColor;
				CODE_SIGN_STYLE = Automatic;
				CURRENT_PROJECT_VERSION = 1;
				DEVELOPMENT_TEAM = LSA8V5M5Q4;
				GENERATE_INFOPLIST_FILE = YES;
				INFOPLIST_FILE = "VkClient-2/Environments/Info.plist";
				INFOPLIST_KEY_UIApplicationSupportsIndirectInputEvents = YES;
				INFOPLIST_KEY_UILaunchStoryboardName = LaunchScreen;
				INFOPLIST_KEY_UISupportedInterfaceOrientations = UIInterfaceOrientationPortrait;
				INFOPLIST_KEY_UISupportedInterfaceOrientations_iPad = "UIInterfaceOrientationPortrait UIInterfaceOrientationPortraitUpsideDown UIInterfaceOrientationLandscapeLeft UIInterfaceOrientationLandscapeRight";
				INFOPLIST_KEY_UISupportedInterfaceOrientations_iPhone = "UIInterfaceOrientationPortrait UIInterfaceOrientationLandscapeLeft UIInterfaceOrientationLandscapeRight";
				IPHONEOS_DEPLOYMENT_TARGET = 15.0;
				LD_RUNPATH_SEARCH_PATHS = (
					"$(inherited)",
					"@executable_path/Frameworks",
				);
				MARKETING_VERSION = 1.0;
				PRODUCT_BUNDLE_IDENTIFIER = "Denis-Sizov.VkClient-2";
				PRODUCT_NAME = "$(TARGET_NAME)";
				SWIFT_EMIT_LOC_STRINGS = YES;
				SWIFT_VERSION = 5.0;
				TARGETED_DEVICE_FAMILY = 1;
			};
			name = Debug;
		};
		D0DCDB7F281814510065E7C5 /* Release */ = {
			isa = XCBuildConfiguration;
			buildSettings = {
				ASSETCATALOG_COMPILER_APPICON_NAME = AppIcon;
				ASSETCATALOG_COMPILER_GLOBAL_ACCENT_COLOR_NAME = AccentColor;
				CODE_SIGN_STYLE = Automatic;
				CURRENT_PROJECT_VERSION = 1;
				DEVELOPMENT_TEAM = LSA8V5M5Q4;
				GENERATE_INFOPLIST_FILE = YES;
				INFOPLIST_FILE = "VkClient-2/Environments/Info.plist";
				INFOPLIST_KEY_UIApplicationSupportsIndirectInputEvents = YES;
				INFOPLIST_KEY_UILaunchStoryboardName = LaunchScreen;
				INFOPLIST_KEY_UISupportedInterfaceOrientations = UIInterfaceOrientationPortrait;
				INFOPLIST_KEY_UISupportedInterfaceOrientations_iPad = "UIInterfaceOrientationPortrait UIInterfaceOrientationPortraitUpsideDown UIInterfaceOrientationLandscapeLeft UIInterfaceOrientationLandscapeRight";
				INFOPLIST_KEY_UISupportedInterfaceOrientations_iPhone = "UIInterfaceOrientationPortrait UIInterfaceOrientationLandscapeLeft UIInterfaceOrientationLandscapeRight";
				IPHONEOS_DEPLOYMENT_TARGET = 15.0;
				LD_RUNPATH_SEARCH_PATHS = (
					"$(inherited)",
					"@executable_path/Frameworks",
				);
				MARKETING_VERSION = 1.0;
				PRODUCT_BUNDLE_IDENTIFIER = "Denis-Sizov.VkClient-2";
				PRODUCT_NAME = "$(TARGET_NAME)";
				SWIFT_EMIT_LOC_STRINGS = YES;
				SWIFT_VERSION = 5.0;
				TARGETED_DEVICE_FAMILY = 1;
			};
			name = Release;
		};
		D0DCDB81281814510065E7C5 /* Debug */ = {
			isa = XCBuildConfiguration;
			buildSettings = {
				ALWAYS_EMBED_SWIFT_STANDARD_LIBRARIES = YES;
				BUNDLE_LOADER = "$(TEST_HOST)";
				CODE_SIGN_STYLE = Automatic;
				CURRENT_PROJECT_VERSION = 1;
				DEVELOPMENT_TEAM = LSA8V5M5Q4;
				GENERATE_INFOPLIST_FILE = YES;
				IPHONEOS_DEPLOYMENT_TARGET = 15.4;
				MARKETING_VERSION = 1.0;
				PRODUCT_BUNDLE_IDENTIFIER = "Denis-Sizov.VkClient-2Tests";
				PRODUCT_NAME = "$(TARGET_NAME)";
				SWIFT_EMIT_LOC_STRINGS = NO;
				SWIFT_VERSION = 5.0;
				TARGETED_DEVICE_FAMILY = "1,2";
				TEST_HOST = "$(BUILT_PRODUCTS_DIR)/VkClient-2.app/VkClient-2";
			};
			name = Debug;
		};
		D0DCDB82281814510065E7C5 /* Release */ = {
			isa = XCBuildConfiguration;
			buildSettings = {
				ALWAYS_EMBED_SWIFT_STANDARD_LIBRARIES = YES;
				BUNDLE_LOADER = "$(TEST_HOST)";
				CODE_SIGN_STYLE = Automatic;
				CURRENT_PROJECT_VERSION = 1;
				DEVELOPMENT_TEAM = LSA8V5M5Q4;
				GENERATE_INFOPLIST_FILE = YES;
				IPHONEOS_DEPLOYMENT_TARGET = 15.4;
				MARKETING_VERSION = 1.0;
				PRODUCT_BUNDLE_IDENTIFIER = "Denis-Sizov.VkClient-2Tests";
				PRODUCT_NAME = "$(TARGET_NAME)";
				SWIFT_EMIT_LOC_STRINGS = NO;
				SWIFT_VERSION = 5.0;
				TARGETED_DEVICE_FAMILY = "1,2";
				TEST_HOST = "$(BUILT_PRODUCTS_DIR)/VkClient-2.app/VkClient-2";
			};
			name = Release;
		};
		D0DCDB84281814510065E7C5 /* Debug */ = {
			isa = XCBuildConfiguration;
			buildSettings = {
				ALWAYS_EMBED_SWIFT_STANDARD_LIBRARIES = YES;
				CODE_SIGN_STYLE = Automatic;
				CURRENT_PROJECT_VERSION = 1;
				DEVELOPMENT_TEAM = LSA8V5M5Q4;
				GENERATE_INFOPLIST_FILE = YES;
				MARKETING_VERSION = 1.0;
				PRODUCT_BUNDLE_IDENTIFIER = "Denis-Sizov.VkClient-2UITests";
				PRODUCT_NAME = "$(TARGET_NAME)";
				SWIFT_EMIT_LOC_STRINGS = NO;
				SWIFT_VERSION = 5.0;
				TARGETED_DEVICE_FAMILY = "1,2";
				TEST_TARGET_NAME = "VkClient-2";
			};
			name = Debug;
		};
		D0DCDB85281814510065E7C5 /* Release */ = {
			isa = XCBuildConfiguration;
			buildSettings = {
				ALWAYS_EMBED_SWIFT_STANDARD_LIBRARIES = YES;
				CODE_SIGN_STYLE = Automatic;
				CURRENT_PROJECT_VERSION = 1;
				DEVELOPMENT_TEAM = LSA8V5M5Q4;
				GENERATE_INFOPLIST_FILE = YES;
				MARKETING_VERSION = 1.0;
				PRODUCT_BUNDLE_IDENTIFIER = "Denis-Sizov.VkClient-2UITests";
				PRODUCT_NAME = "$(TARGET_NAME)";
				SWIFT_EMIT_LOC_STRINGS = NO;
				SWIFT_VERSION = 5.0;
				TARGETED_DEVICE_FAMILY = "1,2";
				TEST_TARGET_NAME = "VkClient-2";
			};
			name = Release;
		};
/* End XCBuildConfiguration section */

/* Begin XCConfigurationList section */
		D0DCDB4B281814500065E7C5 /* Build configuration list for PBXProject "VkClient-2" */ = {
			isa = XCConfigurationList;
			buildConfigurations = (
				D0DCDB7B281814510065E7C5 /* Debug */,
				D0DCDB7C281814510065E7C5 /* Release */,
			);
			defaultConfigurationIsVisible = 0;
			defaultConfigurationName = Release;
		};
		D0DCDB7D281814510065E7C5 /* Build configuration list for PBXNativeTarget "VkClient-2" */ = {
			isa = XCConfigurationList;
			buildConfigurations = (
				D0DCDB7E281814510065E7C5 /* Debug */,
				D0DCDB7F281814510065E7C5 /* Release */,
			);
			defaultConfigurationIsVisible = 0;
			defaultConfigurationName = Release;
		};
		D0DCDB80281814510065E7C5 /* Build configuration list for PBXNativeTarget "VkClient-2Tests" */ = {
			isa = XCConfigurationList;
			buildConfigurations = (
				D0DCDB81281814510065E7C5 /* Debug */,
				D0DCDB82281814510065E7C5 /* Release */,
			);
			defaultConfigurationIsVisible = 0;
			defaultConfigurationName = Release;
		};
		D0DCDB83281814510065E7C5 /* Build configuration list for PBXNativeTarget "VkClient-2UITests" */ = {
			isa = XCConfigurationList;
			buildConfigurations = (
				D0DCDB84281814510065E7C5 /* Debug */,
				D0DCDB85281814510065E7C5 /* Release */,
			);
			defaultConfigurationIsVisible = 0;
			defaultConfigurationName = Release;
		};
/* End XCConfigurationList section */

/* Begin XCVersionGroup section */
		D0DCDB5C281814500065E7C5 /* VkClient_2.xcdatamodeld */ = {
			isa = XCVersionGroup;
			children = (
				D0DCDB5D281814500065E7C5 /* VkClient_2.xcdatamodel */,
			);
			currentVersion = D0DCDB5D281814500065E7C5 /* VkClient_2.xcdatamodel */;
			path = VkClient_2.xcdatamodeld;
			sourceTree = "<group>";
			versionGroupType = wrapper.xcdatamodel;
		};
/* End XCVersionGroup section */
	};
	rootObject = D0DCDB48281814500065E7C5 /* Project object */;
}
